
Microsoft Visual Studio Solution File, Format Version 12.00
# Visual Studio Version 17
VisualStudioVersion = 17.9.34728.123
MinimumVisualStudioVersion = 10.0.40219.1
Project("{FAE04EC0-301F-11D3-BF4B-00C04F79EFBC}") = "project1", "project1\project1.csproj", "{DDE0625D-3925-4313-9CC4-000599A6A691}"
EndProject
Project("{FAE04EC0-301F-11D3-BF4B-00C04F79EFBC}") = "project_2", "project_2\project_2.csproj", "{669BA8AE-16E3-42D5-A8F1-5E50826E7889}"
EndProject
Project("{FAE04EC0-301F-11D3-BF4B-00C04F79EFBC}") = "project_3", "project_3\project_3.csproj", "{3258F161-A52A-48EC-829E-6966F9743F6A}"
EndProject
Global
	GlobalSection(SolutionConfigurationPlatforms) = preSolution
		Debug|Any CPU = Debug|Any CPU
		Release|Any CPU = Release|Any CPU
	EndGlobalSection
	GlobalSection(ProjectConfigurationPlatforms) = postSolution
		{DDE0625D-3925-4313-9CC4-000599A6A691}.Debug|Any CPU.ActiveCfg = Debug|Any CPU
		{DDE0625D-3925-4313-9CC4-000599A6A691}.Debug|Any CPU.Build.0 = Debug|Any CPU
		{DDE0625D-3925-4313-9CC4-000599A6A691}.Release|Any CPU.ActiveCfg = Release|Any CPU
		{DDE0625D-3925-4313-9CC4-000599A6A691}.Release|Any CPU.Build.0 = Release|Any CPU
		{669BA8AE-16E3-42D5-A8F1-5E50826E7889}.Debug|Any CPU.ActiveCfg = Debug|Any CPU
		{669BA8AE-16E3-42D5-A8F1-5E50826E7889}.Debug|Any CPU.Build.0 = Debug|Any CPU
		{669BA8AE-16E3-42D5-A8F1-5E50826E7889}.Release|Any CPU.ActiveCfg = Release|Any CPU
		{669BA8AE-16E3-42D5-A8F1-5E50826E7889}.Release|Any CPU.Build.0 = Release|Any CPU
		{3258F161-A52A-48EC-829E-6966F9743F6A}.Debug|Any CPU.ActiveCfg = Debug|Any CPU
		{3258F161-A52A-48EC-829E-6966F9743F6A}.Debug|Any CPU.Build.0 = Debug|Any CPU
		{3258F161-A52A-48EC-829E-6966F9743F6A}.Release|Any CPU.ActiveCfg = Release|Any CPU
		{3258F161-A52A-48EC-829E-6966F9743F6A}.Release|Any CPU.Build.0 = Release|Any CPU
	EndGlobalSection
	GlobalSection(SolutionProperties) = preSolution
		HideSolutionNode = FALSE
	EndGlobalSection
	GlobalSection(ExtensibilityGlobals) = postSolution
		SolutionGuid = {C4A46B6B-00A4-40A9-93A6-B08B40921AD2}
	EndGlobalSection
EndGlobal
