
Microsoft Visual Studio Solution File, Format Version 12.00
# Visual Studio Version 17
VisualStudioVersion = 17.9.34728.123
MinimumVisualStudioVersion = 10.0.40219.1
Project("{FAE04EC0-301F-11D3-BF4B-00C04F79EFBC}") = "project_1", "project_1\project_1.csproj", "{C74114B2-2077-496F-87D3-3B13FE4C9F3D}"
EndProject
Project("{FAE04EC0-301F-11D3-BF4B-00C04F79EFBC}") = "project_2", "project_2\project_2.csproj", "{28E02551-8257-4697-A4A0-8332DC14720C}"
EndProject
Project("{FAE04EC0-301F-11D3-BF4B-00C04F79EFBC}") = "project_3", "project_3\project_3.csproj", "{44090DF6-A370-436E-975B-1E39914C66F3}"
EndProject
Project("{FAE04EC0-301F-11D3-BF4B-00C04F79EFBC}") = "project_4", "project_4\project_4.csproj", "{A3580A61-780C-48BB-AE91-BFAB22356B9D}"
EndProject
Project("{FAE04EC0-301F-11D3-BF4B-00C04F79EFBC}") = "project_5", "project_5\project_5.csproj", "{C392C03B-8D5E-4140-AF8A-3D2F4AC7B755}"
EndProject
Global
	GlobalSection(SolutionConfigurationPlatforms) = preSolution
		Debug|Any CPU = Debug|Any CPU
		Release|Any CPU = Release|Any CPU
	EndGlobalSection
	GlobalSection(ProjectConfigurationPlatforms) = postSolution
		{C74114B2-2077-496F-87D3-3B13FE4C9F3D}.Debug|Any CPU.ActiveCfg = Debug|Any CPU
		{C74114B2-2077-496F-87D3-3B13FE4C9F3D}.Debug|Any CPU.Build.0 = Debug|Any CPU
		{C74114B2-2077-496F-87D3-3B13FE4C9F3D}.Release|Any CPU.ActiveCfg = Release|Any CPU
		{C74114B2-2077-496F-87D3-3B13FE4C9F3D}.Release|Any CPU.Build.0 = Release|Any CPU
		{28E02551-8257-4697-A4A0-8332DC14720C}.Debug|Any CPU.ActiveCfg = Debug|Any CPU
		{28E02551-8257-4697-A4A0-8332DC14720C}.Debug|Any CPU.Build.0 = Debug|Any CPU
		{28E02551-8257-4697-A4A0-8332DC14720C}.Release|Any CPU.ActiveCfg = Release|Any CPU
		{28E02551-8257-4697-A4A0-8332DC14720C}.Release|Any CPU.Build.0 = Release|Any CPU
		{44090DF6-A370-436E-975B-1E39914C66F3}.Debug|Any CPU.ActiveCfg = Debug|Any CPU
		{44090DF6-A370-436E-975B-1E39914C66F3}.Debug|Any CPU.Build.0 = Debug|Any CPU
		{44090DF6-A370-436E-975B-1E39914C66F3}.Release|Any CPU.ActiveCfg = Release|Any CPU
		{44090DF6-A370-436E-975B-1E39914C66F3}.Release|Any CPU.Build.0 = Release|Any CPU
		{A3580A61-780C-48BB-AE91-BFAB22356B9D}.Debug|Any CPU.ActiveCfg = Debug|Any CPU
		{A3580A61-780C-48BB-AE91-BFAB22356B9D}.Debug|Any CPU.Build.0 = Debug|Any CPU
		{A3580A61-780C-48BB-AE91-BFAB22356B9D}.Release|Any CPU.ActiveCfg = Release|Any CPU
		{A3580A61-780C-48BB-AE91-BFAB22356B9D}.Release|Any CPU.Build.0 = Release|Any CPU
		{C392C03B-8D5E-4140-AF8A-3D2F4AC7B755}.Debug|Any CPU.ActiveCfg = Debug|Any CPU
		{C392C03B-8D5E-4140-AF8A-3D2F4AC7B755}.Debug|Any CPU.Build.0 = Debug|Any CPU
		{C392C03B-8D5E-4140-AF8A-3D2F4AC7B755}.Release|Any CPU.ActiveCfg = Release|Any CPU
		{C392C03B-8D5E-4140-AF8A-3D2F4AC7B755}.Release|Any CPU.Build.0 = Release|Any CPU
	EndGlobalSection
	GlobalSection(SolutionProperties) = preSolution
		HideSolutionNode = FALSE
	EndGlobalSection
	GlobalSection(ExtensibilityGlobals) = postSolution
		SolutionGuid = {941B7AD8-AD24-4779-9CA4-944962D595AA}
	EndGlobalSection
EndGlobal
