
Microsoft Visual Studio Solution File, Format Version 12.00
# Visual Studio Version 17
VisualStudioVersion = 17.8.34511.84
MinimumVisualStudioVersion = 10.0.40219.1
Project("{FAE04EC0-301F-11D3-BF4B-00C04F79EFBC}") = "Project_1", "Project_1\Project_1.csproj", "{DB722608-FECE-4E69-86CD-F6938371B7F0}"
EndProject
Project("{FAE04EC0-301F-11D3-BF4B-00C04F79EFBC}") = "Project_2", "Project_2\Project_2.csproj", "{1B14E16C-3D31-4FCD-B0A6-C926CBB4D403}"
EndProject
Project("{FAE04EC0-301F-11D3-BF4B-00C04F79EFBC}") = "Project_3", "Project_3\Project_3.csproj", "{6BC169FD-6943-45B7-BF9F-E70176861446}"
EndProject
Global
	GlobalSection(SolutionConfigurationPlatforms) = preSolution
		Debug|Any CPU = Debug|Any CPU
		Release|Any CPU = Release|Any CPU
	EndGlobalSection
	GlobalSection(ProjectConfigurationPlatforms) = postSolution
		{DB722608-FECE-4E69-86CD-F6938371B7F0}.Debug|Any CPU.ActiveCfg = Debug|Any CPU
		{DB722608-FECE-4E69-86CD-F6938371B7F0}.Debug|Any CPU.Build.0 = Debug|Any CPU
		{DB722608-FECE-4E69-86CD-F6938371B7F0}.Release|Any CPU.ActiveCfg = Release|Any CPU
		{DB722608-FECE-4E69-86CD-F6938371B7F0}.Release|Any CPU.Build.0 = Release|Any CPU
		{1B14E16C-3D31-4FCD-B0A6-C926CBB4D403}.Debug|Any CPU.ActiveCfg = Debug|Any CPU
		{1B14E16C-3D31-4FCD-B0A6-C926CBB4D403}.Debug|Any CPU.Build.0 = Debug|Any CPU
		{1B14E16C-3D31-4FCD-B0A6-C926CBB4D403}.Release|Any CPU.ActiveCfg = Release|Any CPU
		{1B14E16C-3D31-4FCD-B0A6-C926CBB4D403}.Release|Any CPU.Build.0 = Release|Any CPU
		{6BC169FD-6943-45B7-BF9F-E70176861446}.Debug|Any CPU.ActiveCfg = Debug|Any CPU
		{6BC169FD-6943-45B7-BF9F-E70176861446}.Debug|Any CPU.Build.0 = Debug|Any CPU
		{6BC169FD-6943-45B7-BF9F-E70176861446}.Release|Any CPU.ActiveCfg = Release|Any CPU
		{6BC169FD-6943-45B7-BF9F-E70176861446}.Release|Any CPU.Build.0 = Release|Any CPU
	EndGlobalSection
	GlobalSection(SolutionProperties) = preSolution
		HideSolutionNode = FALSE
	EndGlobalSection
	GlobalSection(ExtensibilityGlobals) = postSolution
		SolutionGuid = {0F3E1F84-ABC1-4E72-98AC-56BFA0BCB1C7}
	EndGlobalSection
EndGlobal
